
Microsoft Visual Studio Solution File, Format Version 12.00
# Visual Studio Version 16
VisualStudioVersion = 16.0.32002.261
MinimumVisualStudioVersion = 10.0.40219.1
Project("{FAE04EC0-301F-11D3-BF4B-00C04F79EFBC}") = "TryCatchAssignment", "TryCatchAssignment\TryCatchAssignment.csproj", "{08B7E7DF-631F-4449-AEE5-03CF15978819}"
EndProject
Global
	GlobalSection(SolutionConfigurationPlatforms) = preSolution
		Debug|Any CPU = Debug|Any CPU
		Release|Any CPU = Release|Any CPU
	EndGlobalSection
	GlobalSection(ProjectConfigurationPlatforms) = postSolution
		{08B7E7DF-631F-4449-AEE5-03CF15978819}.Debug|Any CPU.ActiveCfg = Debug|Any CPU
		{08B7E7DF-631F-4449-AEE5-03CF15978819}.Debug|Any CPU.Build.0 = Debug|Any CPU
		{08B7E7DF-631F-4449-AEE5-03CF15978819}.Release|Any CPU.ActiveCfg = Release|Any CPU
		{08B7E7DF-631F-4449-AEE5-03CF15978819}.Release|Any CPU.Build.0 = Release|Any CPU
	EndGlobalSection
	GlobalSection(SolutionProperties) = preSolution
		HideSolutionNode = FALSE
	EndGlobalSection
	GlobalSection(ExtensibilityGlobals) = postSolution
		SolutionGuid = {4B3E6688-59F9-47F2-8D62-C6DA14D5CE8E}
	EndGlobalSection
EndGlobal
