
Microsoft Visual Studio Solution File, Format Version 12.00
# Visual Studio Version 16
VisualStudioVersion = 16.0.32002.261
MinimumVisualStudioVersion = 10.0.40219.1
Project("{FAE04EC0-301F-11D3-BF4B-00C04F79EFBC}") = "Polymorphism", "Polymorphism\Polymorphism.csproj", "{070CB9EE-C3BB-4BBD-A641-BD643F2A1D77}"
EndProject
Project("{FAE04EC0-301F-11D3-BF4B-00C04F79EFBC}") = "AbstractClass", "..\AbstractClass\AbstractClass\AbstractClass.csproj", "{C1179294-2E38-43EF-9F2B-2E2362580768}"
EndProject
Global
	GlobalSection(SolutionConfigurationPlatforms) = preSolution
		Debug|Any CPU = Debug|Any CPU
		Release|Any CPU = Release|Any CPU
	EndGlobalSection
	GlobalSection(ProjectConfigurationPlatforms) = postSolution
		{070CB9EE-C3BB-4BBD-A641-BD643F2A1D77}.Debug|Any CPU.ActiveCfg = Debug|Any CPU
		{070CB9EE-C3BB-4BBD-A641-BD643F2A1D77}.Debug|Any CPU.Build.0 = Debug|Any CPU
		{070CB9EE-C3BB-4BBD-A641-BD643F2A1D77}.Release|Any CPU.ActiveCfg = Release|Any CPU
		{070CB9EE-C3BB-4BBD-A641-BD643F2A1D77}.Release|Any CPU.Build.0 = Release|Any CPU
		{C1179294-2E38-43EF-9F2B-2E2362580768}.Debug|Any CPU.ActiveCfg = Debug|Any CPU
		{C1179294-2E38-43EF-9F2B-2E2362580768}.Debug|Any CPU.Build.0 = Debug|Any CPU
		{C1179294-2E38-43EF-9F2B-2E2362580768}.Release|Any CPU.ActiveCfg = Release|Any CPU
		{C1179294-2E38-43EF-9F2B-2E2362580768}.Release|Any CPU.Build.0 = Release|Any CPU
	EndGlobalSection
	GlobalSection(SolutionProperties) = preSolution
		HideSolutionNode = FALSE
	EndGlobalSection
	GlobalSection(ExtensibilityGlobals) = postSolution
		SolutionGuid = {D3754E05-342F-40D7-9D87-B3021A9576AB}
	EndGlobalSection
EndGlobal
