
Microsoft Visual Studio Solution File, Format Version 12.00
# Visual Studio Version 16
VisualStudioVersion = 16.0.32002.261
MinimumVisualStudioVersion = 10.0.40219.1
Project("{FAE04EC0-301F-11D3-BF4B-00C04F79EFBC}") = "StringFunctions", "StringFunctions\StringFunctions.csproj", "{F99A1BBC-979B-415A-B3AA-66A00B6842A9}"
EndProject
Global
	GlobalSection(SolutionConfigurationPlatforms) = preSolution
		Debug|Any CPU = Debug|Any CPU
		Release|Any CPU = Release|Any CPU
	EndGlobalSection
	GlobalSection(ProjectConfigurationPlatforms) = postSolution
		{F99A1BBC-979B-415A-B3AA-66A00B6842A9}.Debug|Any CPU.ActiveCfg = Debug|Any CPU
		{F99A1BBC-979B-415A-B3AA-66A00B6842A9}.Debug|Any CPU.Build.0 = Debug|Any CPU
		{F99A1BBC-979B-415A-B3AA-66A00B6842A9}.Release|Any CPU.ActiveCfg = Release|Any CPU
		{F99A1BBC-979B-415A-B3AA-66A00B6842A9}.Release|Any CPU.Build.0 = Release|Any CPU
	EndGlobalSection
	GlobalSection(SolutionProperties) = preSolution
		HideSolutionNode = FALSE
	EndGlobalSection
	GlobalSection(ExtensibilityGlobals) = postSolution
		SolutionGuid = {440F14A2-A7D7-4455-B9E7-8502474CBF61}
	EndGlobalSection
EndGlobal
