
Microsoft Visual Studio Solution File, Format Version 12.00
# Visual Studio Version 16
VisualStudioVersion = 16.0.32002.261
MinimumVisualStudioVersion = 10.0.40219.1
Project("{FAE04EC0-301F-11D3-BF4B-00C04F79EFBC}") = "Generics", "Generics\Generics.csproj", "{521A3361-A584-49E7-8040-B89C015F3A48}"
EndProject
Global
	GlobalSection(SolutionConfigurationPlatforms) = preSolution
		Debug|Any CPU = Debug|Any CPU
		Release|Any CPU = Release|Any CPU
	EndGlobalSection
	GlobalSection(ProjectConfigurationPlatforms) = postSolution
		{521A3361-A584-49E7-8040-B89C015F3A48}.Debug|Any CPU.ActiveCfg = Debug|Any CPU
		{521A3361-A584-49E7-8040-B89C015F3A48}.Debug|Any CPU.Build.0 = Debug|Any CPU
		{521A3361-A584-49E7-8040-B89C015F3A48}.Release|Any CPU.ActiveCfg = Release|Any CPU
		{521A3361-A584-49E7-8040-B89C015F3A48}.Release|Any CPU.Build.0 = Release|Any CPU
	EndGlobalSection
	GlobalSection(SolutionProperties) = preSolution
		HideSolutionNode = FALSE
	EndGlobalSection
	GlobalSection(ExtensibilityGlobals) = postSolution
		SolutionGuid = {AE7871FC-DC89-44E3-9A01-E0900CDF8BEE}
	EndGlobalSection
EndGlobal
