
Microsoft Visual Studio Solution File, Format Version 12.00
# Visual Studio Version 16
VisualStudioVersion = 16.0.32002.261
MinimumVisualStudioVersion = 10.0.40219.1
Project("{FAE04EC0-301F-11D3-BF4B-00C04F79EFBC}") = "ConstructorChain", "ConstructorChain\ConstructorChain.csproj", "{047EB841-D225-448E-8E6B-4537F1987454}"
EndProject
Global
	GlobalSection(SolutionConfigurationPlatforms) = preSolution
		Debug|Any CPU = Debug|Any CPU
		Release|Any CPU = Release|Any CPU
	EndGlobalSection
	GlobalSection(ProjectConfigurationPlatforms) = postSolution
		{047EB841-D225-448E-8E6B-4537F1987454}.Debug|Any CPU.ActiveCfg = Debug|Any CPU
		{047EB841-D225-448E-8E6B-4537F1987454}.Debug|Any CPU.Build.0 = Debug|Any CPU
		{047EB841-D225-448E-8E6B-4537F1987454}.Release|Any CPU.ActiveCfg = Release|Any CPU
		{047EB841-D225-448E-8E6B-4537F1987454}.Release|Any CPU.Build.0 = Release|Any CPU
	EndGlobalSection
	GlobalSection(SolutionProperties) = preSolution
		HideSolutionNode = FALSE
	EndGlobalSection
	GlobalSection(ExtensibilityGlobals) = postSolution
		SolutionGuid = {52D588F5-F46D-4E2E-8BF4-67E6CC8B9DC3}
	EndGlobalSection
EndGlobal
