
Microsoft Visual Studio Solution File, Format Version 12.00
# Visual Studio Version 16
VisualStudioVersion = 16.0.32002.261
MinimumVisualStudioVersion = 10.0.40219.1
Project("{FAE04EC0-301F-11D3-BF4B-00C04F79EFBC}") = "IncomeComparison", "IncomeComparison\IncomeComparison.csproj", "{B875A4B5-8FFB-40A0-AC2B-A9F5715F1A20}"
EndProject
Global
	GlobalSection(SolutionConfigurationPlatforms) = preSolution
		Debug|Any CPU = Debug|Any CPU
		Release|Any CPU = Release|Any CPU
	EndGlobalSection
	GlobalSection(ProjectConfigurationPlatforms) = postSolution
		{B875A4B5-8FFB-40A0-AC2B-A9F5715F1A20}.Debug|Any CPU.ActiveCfg = Debug|Any CPU
		{B875A4B5-8FFB-40A0-AC2B-A9F5715F1A20}.Debug|Any CPU.Build.0 = Debug|Any CPU
		{B875A4B5-8FFB-40A0-AC2B-A9F5715F1A20}.Release|Any CPU.ActiveCfg = Release|Any CPU
		{B875A4B5-8FFB-40A0-AC2B-A9F5715F1A20}.Release|Any CPU.Build.0 = Release|Any CPU
	EndGlobalSection
	GlobalSection(SolutionProperties) = preSolution
		HideSolutionNode = FALSE
	EndGlobalSection
	GlobalSection(ExtensibilityGlobals) = postSolution
		SolutionGuid = {E94EAA0D-DD43-4D74-AF44-F3DD7C205E5F}
	EndGlobalSection
EndGlobal
