
Microsoft Visual Studio Solution File, Format Version 12.00
# Visual Studio Version 16
VisualStudioVersion = 16.0.32002.261
MinimumVisualStudioVersion = 10.0.40219.1
Project("{FAE04EC0-301F-11D3-BF4B-00C04F79EFBC}") = "LoopsAssignment", "LoopsAssignment\LoopsAssignment.csproj", "{29BA966B-C784-4FBE-85AA-EDDF7AE513BB}"
EndProject
Global
	GlobalSection(SolutionConfigurationPlatforms) = preSolution
		Debug|Any CPU = Debug|Any CPU
		Release|Any CPU = Release|Any CPU
	EndGlobalSection
	GlobalSection(ProjectConfigurationPlatforms) = postSolution
		{29BA966B-C784-4FBE-85AA-EDDF7AE513BB}.Debug|Any CPU.ActiveCfg = Debug|Any CPU
		{29BA966B-C784-4FBE-85AA-EDDF7AE513BB}.Debug|Any CPU.Build.0 = Debug|Any CPU
		{29BA966B-C784-4FBE-85AA-EDDF7AE513BB}.Release|Any CPU.ActiveCfg = Release|Any CPU
		{29BA966B-C784-4FBE-85AA-EDDF7AE513BB}.Release|Any CPU.Build.0 = Release|Any CPU
	EndGlobalSection
	GlobalSection(SolutionProperties) = preSolution
		HideSolutionNode = FALSE
	EndGlobalSection
	GlobalSection(ExtensibilityGlobals) = postSolution
		SolutionGuid = {4FE86F86-4E71-4422-BCBE-208A504D980E}
	EndGlobalSection
EndGlobal
