
Microsoft Visual Studio Solution File, Format Version 12.00
# Visual Studio Version 16
VisualStudioVersion = 16.0.32002.261
MinimumVisualStudioVersion = 10.0.40219.1
Project("{FAE04EC0-301F-11D3-BF4B-00C04F79EFBC}") = "NewsletterAppMVC", "NewsletterAppMVC\NewsletterAppMVC.csproj", "{CD01BF82-BFD7-4603-B2CA-AA5156CEDD24}"
EndProject
Global
	GlobalSection(SolutionConfigurationPlatforms) = preSolution
		Debug|Any CPU = Debug|Any CPU
		Release|Any CPU = Release|Any CPU
	EndGlobalSection
	GlobalSection(ProjectConfigurationPlatforms) = postSolution
		{CD01BF82-BFD7-4603-B2CA-AA5156CEDD24}.Debug|Any CPU.ActiveCfg = Debug|Any CPU
		{CD01BF82-BFD7-4603-B2CA-AA5156CEDD24}.Debug|Any CPU.Build.0 = Debug|Any CPU
		{CD01BF82-BFD7-4603-B2CA-AA5156CEDD24}.Release|Any CPU.ActiveCfg = Release|Any CPU
		{CD01BF82-BFD7-4603-B2CA-AA5156CEDD24}.Release|Any CPU.Build.0 = Release|Any CPU
	EndGlobalSection
	GlobalSection(SolutionProperties) = preSolution
		HideSolutionNode = FALSE
	EndGlobalSection
	GlobalSection(ExtensibilityGlobals) = postSolution
		SolutionGuid = {7E8E930C-73C6-4778-8396-E5DAB811DF5D}
	EndGlobalSection
EndGlobal
