
Microsoft Visual Studio Solution File, Format Version 12.00
# Visual Studio Version 16
VisualStudioVersion = 16.0.32002.261
MinimumVisualStudioVersion = 10.0.40219.1
Project("{FAE04EC0-301F-11D3-BF4B-00C04F79EFBC}") = "Iteration", "Iteration\Iteration.csproj", "{47012C5D-1D7C-4E92-90FC-6F50F541BA0A}"
EndProject
Global
	GlobalSection(SolutionConfigurationPlatforms) = preSolution
		Debug|Any CPU = Debug|Any CPU
		Release|Any CPU = Release|Any CPU
	EndGlobalSection
	GlobalSection(ProjectConfigurationPlatforms) = postSolution
		{47012C5D-1D7C-4E92-90FC-6F50F541BA0A}.Debug|Any CPU.ActiveCfg = Debug|Any CPU
		{47012C5D-1D7C-4E92-90FC-6F50F541BA0A}.Debug|Any CPU.Build.0 = Debug|Any CPU
		{47012C5D-1D7C-4E92-90FC-6F50F541BA0A}.Release|Any CPU.ActiveCfg = Release|Any CPU
		{47012C5D-1D7C-4E92-90FC-6F50F541BA0A}.Release|Any CPU.Build.0 = Release|Any CPU
	EndGlobalSection
	GlobalSection(SolutionProperties) = preSolution
		HideSolutionNode = FALSE
	EndGlobalSection
	GlobalSection(ExtensibilityGlobals) = postSolution
		SolutionGuid = {2B3E374E-C738-47FE-94FB-7C20FC3C7D13}
	EndGlobalSection
EndGlobal
